
Microsoft Visual Studio Solution File, Format Version 12.00
# Visual Studio Version 16
VisualStudioVersion = 16.0.29613.14
MinimumVisualStudioVersion = 10.0.40219.1
Project("{FAE04EC0-301F-11D3-BF4B-00C04F79EFBC}") = "PrimeCalculation", "PrimeCalculation\PrimeCalculation.csproj", "{B928A09C-7B56-482E-9FDF-24AE638584A1}"
EndProject
Global
	GlobalSection(SolutionConfigurationPlatforms) = preSolution
		Debug|Any CPU = Debug|Any CPU
		Release|Any CPU = Release|Any CPU
	EndGlobalSection
	GlobalSection(ProjectConfigurationPlatforms) = postSolution
		{B928A09C-7B56-482E-9FDF-24AE638584A1}.Debug|Any CPU.ActiveCfg = Debug|Any CPU
		{B928A09C-7B56-482E-9FDF-24AE638584A1}.Debug|Any CPU.Build.0 = Debug|Any CPU
		{B928A09C-7B56-482E-9FDF-24AE638584A1}.Release|Any CPU.ActiveCfg = Release|Any CPU
		{B928A09C-7B56-482E-9FDF-24AE638584A1}.Release|Any CPU.Build.0 = Release|Any CPU
	EndGlobalSection
	GlobalSection(SolutionProperties) = preSolution
		HideSolutionNode = FALSE
	EndGlobalSection
	GlobalSection(ExtensibilityGlobals) = postSolution
		SolutionGuid = {E8DE76A9-5134-48DB-8115-C8DD4F5B67DD}
	EndGlobalSection
EndGlobal
